
Microsoft Visual Studio Solution File, Format Version 12.00
# Visual Studio 14
VisualStudioVersion = 14.0.25123.0
MinimumVisualStudioVersion = 10.0.40219.1
Project("{FAE04EC0-301F-11D3-BF4B-00C04F79EFBC}") = "DataLayer", "DataLayer\DataLayer.csproj", "{5F4C473E-9197-4D48-ACCB-D19ECE25DE8F}"
EndProject
Project("{FAE04EC0-301F-11D3-BF4B-00C04F79EFBC}") = "BusinessLayer", "BusinessLayer\BusinessLayer.csproj", "{3A47B4B4-E139-46D5-8511-ED6B853B025B}"
EndProject
Project("{FAE04EC0-301F-11D3-BF4B-00C04F79EFBC}") = "Tests", "Tests\Tests.csproj", "{8925E2A4-8C56-487C-A04A-6540D1C61A61}"
EndProject
Project("{FAE04EC0-301F-11D3-BF4B-00C04F79EFBC}") = "ServiceLayer", "ServiceLayer\ServiceLayer.csproj", "{77C29361-5F21-400B-B27B-F6EC79C0BCFA}"
EndProject
Project("{FAE04EC0-301F-11D3-BF4B-00C04F79EFBC}") = "WebLayer", "WebLayer\WebLayer.csproj", "{43946573-5D92-483C-806A-A6268D9FC789}"
	ProjectSection(ProjectDependencies) = postProject
		{77C29361-5F21-400B-B27B-F6EC79C0BCFA} = {77C29361-5F21-400B-B27B-F6EC79C0BCFA}
	EndProjectSection
EndProject
Global
	GlobalSection(SolutionConfigurationPlatforms) = preSolution
		Debug|Any CPU = Debug|Any CPU
		Release|Any CPU = Release|Any CPU
	EndGlobalSection
	GlobalSection(ProjectConfigurationPlatforms) = postSolution
		{5F4C473E-9197-4D48-ACCB-D19ECE25DE8F}.Debug|Any CPU.ActiveCfg = Debug|Any CPU
		{5F4C473E-9197-4D48-ACCB-D19ECE25DE8F}.Debug|Any CPU.Build.0 = Debug|Any CPU
		{5F4C473E-9197-4D48-ACCB-D19ECE25DE8F}.Release|Any CPU.ActiveCfg = Release|Any CPU
		{5F4C473E-9197-4D48-ACCB-D19ECE25DE8F}.Release|Any CPU.Build.0 = Release|Any CPU
		{3A47B4B4-E139-46D5-8511-ED6B853B025B}.Debug|Any CPU.ActiveCfg = Debug|Any CPU
		{3A47B4B4-E139-46D5-8511-ED6B853B025B}.Debug|Any CPU.Build.0 = Debug|Any CPU
		{3A47B4B4-E139-46D5-8511-ED6B853B025B}.Release|Any CPU.ActiveCfg = Release|Any CPU
		{3A47B4B4-E139-46D5-8511-ED6B853B025B}.Release|Any CPU.Build.0 = Release|Any CPU
		{8925E2A4-8C56-487C-A04A-6540D1C61A61}.Debug|Any CPU.ActiveCfg = Debug|Any CPU
		{8925E2A4-8C56-487C-A04A-6540D1C61A61}.Debug|Any CPU.Build.0 = Debug|Any CPU
		{8925E2A4-8C56-487C-A04A-6540D1C61A61}.Release|Any CPU.ActiveCfg = Release|Any CPU
		{8925E2A4-8C56-487C-A04A-6540D1C61A61}.Release|Any CPU.Build.0 = Release|Any CPU
		{77C29361-5F21-400B-B27B-F6EC79C0BCFA}.Debug|Any CPU.ActiveCfg = Debug|Any CPU
		{77C29361-5F21-400B-B27B-F6EC79C0BCFA}.Debug|Any CPU.Build.0 = Debug|Any CPU
		{77C29361-5F21-400B-B27B-F6EC79C0BCFA}.Release|Any CPU.ActiveCfg = Release|Any CPU
		{77C29361-5F21-400B-B27B-F6EC79C0BCFA}.Release|Any CPU.Build.0 = Release|Any CPU
		{43946573-5D92-483C-806A-A6268D9FC789}.Debug|Any CPU.ActiveCfg = Debug|Any CPU
		{43946573-5D92-483C-806A-A6268D9FC789}.Debug|Any CPU.Build.0 = Debug|Any CPU
		{43946573-5D92-483C-806A-A6268D9FC789}.Release|Any CPU.ActiveCfg = Release|Any CPU
		{43946573-5D92-483C-806A-A6268D9FC789}.Release|Any CPU.Build.0 = Release|Any CPU
	EndGlobalSection
	GlobalSection(SolutionProperties) = preSolution
		HideSolutionNode = FALSE
	EndGlobalSection
EndGlobal
